
Microsoft Visual Studio Solution File, Format Version 12.00
# Visual Studio Version 17
VisualStudioVersion = 17.4.33213.308
MinimumVisualStudioVersion = 10.0.40219.1
Project("{FAE04EC0-301F-11D3-BF4B-00C04F79EFBC}") = "r6randomiser", "r6randomiser\r6randomiser.csproj", "{F81A7DBF-A834-4C9D-99D1-C90051A41FAA}"
EndProject
Global
	GlobalSection(SolutionConfigurationPlatforms) = preSolution
		Debug|Any CPU = Debug|Any CPU
		Release|Any CPU = Release|Any CPU
	EndGlobalSection
	GlobalSection(ProjectConfigurationPlatforms) = postSolution
		{F81A7DBF-A834-4C9D-99D1-C90051A41FAA}.Debug|Any CPU.ActiveCfg = Debug|Any CPU
		{F81A7DBF-A834-4C9D-99D1-C90051A41FAA}.Debug|Any CPU.Build.0 = Debug|Any CPU
		{F81A7DBF-A834-4C9D-99D1-C90051A41FAA}.Release|Any CPU.ActiveCfg = Release|Any CPU
		{F81A7DBF-A834-4C9D-99D1-C90051A41FAA}.Release|Any CPU.Build.0 = Release|Any CPU
	EndGlobalSection
	GlobalSection(SolutionProperties) = preSolution
		HideSolutionNode = FALSE
	EndGlobalSection
	GlobalSection(ExtensibilityGlobals) = postSolution
		SolutionGuid = {D6A5D662-F170-428B-9A07-586C7F1FB506}
	EndGlobalSection
EndGlobal
